
Microsoft Visual Studio Solution File, Format Version 12.00
# Visual Studio 15
VisualStudioVersion = 15.0.27004.2009
MinimumVisualStudioVersion = 10.0.40219.1
Project("{9A19103F-16F7-4668-BE54-9A1E7A4F7556}") = "Cry", "src\Cry\Cry.csproj", "{A8691FD8-938E-45B9-82F0-956BE0F2DF94}"
EndProject
Project("{9A19103F-16F7-4668-BE54-9A1E7A4F7556}") = "CryTests", "CryTests\CryTests.csproj", "{A180B975-632E-41C3-B6DC-D52A04CB4000}"
EndProject
Project("{FAE04EC0-301F-11D3-BF4B-00C04F79EFBC}") = "CryCompareApi", "CryCompareApi\CryCompareApi.csproj", "{D9E19D2B-D1D1-47C7-843D-97464CCD1DD1}"
EndProject
Global
	GlobalSection(SolutionConfigurationPlatforms) = preSolution
		Debug|Any CPU = Debug|Any CPU
		Release|Any CPU = Release|Any CPU
	EndGlobalSection
	GlobalSection(ProjectConfigurationPlatforms) = postSolution
		{A8691FD8-938E-45B9-82F0-956BE0F2DF94}.Debug|Any CPU.ActiveCfg = Debug|Any CPU
		{A8691FD8-938E-45B9-82F0-956BE0F2DF94}.Debug|Any CPU.Build.0 = Debug|Any CPU
		{A8691FD8-938E-45B9-82F0-956BE0F2DF94}.Release|Any CPU.ActiveCfg = Release|Any CPU
		{A8691FD8-938E-45B9-82F0-956BE0F2DF94}.Release|Any CPU.Build.0 = Release|Any CPU
		{A180B975-632E-41C3-B6DC-D52A04CB4000}.Debug|Any CPU.ActiveCfg = Debug|Any CPU
		{A180B975-632E-41C3-B6DC-D52A04CB4000}.Debug|Any CPU.Build.0 = Debug|Any CPU
		{A180B975-632E-41C3-B6DC-D52A04CB4000}.Release|Any CPU.ActiveCfg = Release|Any CPU
		{A180B975-632E-41C3-B6DC-D52A04CB4000}.Release|Any CPU.Build.0 = Release|Any CPU
		{D9E19D2B-D1D1-47C7-843D-97464CCD1DD1}.Debug|Any CPU.ActiveCfg = Debug|Any CPU
		{D9E19D2B-D1D1-47C7-843D-97464CCD1DD1}.Debug|Any CPU.Build.0 = Debug|Any CPU
		{D9E19D2B-D1D1-47C7-843D-97464CCD1DD1}.Release|Any CPU.ActiveCfg = Release|Any CPU
		{D9E19D2B-D1D1-47C7-843D-97464CCD1DD1}.Release|Any CPU.Build.0 = Release|Any CPU
	EndGlobalSection
	GlobalSection(SolutionProperties) = preSolution
		HideSolutionNode = FALSE
	EndGlobalSection
	GlobalSection(ExtensibilityGlobals) = postSolution
		SolutionGuid = {FE3938EA-4B4C-4F75-A061-770F9D5DCDFC}
	EndGlobalSection
EndGlobal
